
Microsoft Visual Studio Solution File, Format Version 12.00
# Visual Studio 14
VisualStudioVersion = 14.0.25420.1
MinimumVisualStudioVersion = 10.0.40219.1
Project("{2150E333-8FDC-42A3-9474-1A3956D46DE8}") = "src", "src", "{9C8F5D35-82EC-4FF0-BB64-4E39024EB5C9}"
EndProject
Project("{2150E333-8FDC-42A3-9474-1A3956D46DE8}") = "Solution Items", "Solution Items", "{1F0AAE19-46F7-440D-BD1C-5789F80CB407}"
	ProjectSection(SolutionItems) = preProject
		global.json = global.json
		License.txt = License.txt
	EndProjectSection
EndProject
Project("{8BB2217D-0F2D-49D1-97BC-3654ED321F3B}") = "PatrynSolutions.Utilities.Monad", "src\PatrynSolutions.Utilities.Monad\PatrynSolutions.Utilities.Monad.xproj", "{656EC8D3-8F7A-48ED-801F-1DFED248986E}"
EndProject
Project("{8BB2217D-0F2D-49D1-97BC-3654ED321F3B}") = "UnitTests.NetStandard", "UnitTests.NetStandard\UnitTests.NetStandard.xproj", "{5F107B33-AA85-4B7F-86EF-005D0ABDA6AF}"
EndProject
Project("{8BB2217D-0F2D-49D1-97BC-3654ED321F3B}") = "PatrynSolutions.Utilities.Monad.LocalTesting", "src\PatrynSolutions.Utilities.Monad.LocalTesting\PatrynSolutions.Utilities.Monad.LocalTesting.xproj", "{06A6361D-7E21-4378-A7D8-A05AFA19B115}"
EndProject
Global
	GlobalSection(SolutionConfigurationPlatforms) = preSolution
		Debug|Any CPU = Debug|Any CPU
		Release|Any CPU = Release|Any CPU
	EndGlobalSection
	GlobalSection(ProjectConfigurationPlatforms) = postSolution
		{656EC8D3-8F7A-48ED-801F-1DFED248986E}.Debug|Any CPU.ActiveCfg = Debug|Any CPU
		{656EC8D3-8F7A-48ED-801F-1DFED248986E}.Debug|Any CPU.Build.0 = Debug|Any CPU
		{656EC8D3-8F7A-48ED-801F-1DFED248986E}.Release|Any CPU.ActiveCfg = Release|Any CPU
		{656EC8D3-8F7A-48ED-801F-1DFED248986E}.Release|Any CPU.Build.0 = Release|Any CPU
		{656EC8D3-8F7A-48ED-801F-1DFED248986E}.Release|Any CPU.Deploy.0 = Release|Any CPU
		{5F107B33-AA85-4B7F-86EF-005D0ABDA6AF}.Debug|Any CPU.ActiveCfg = Debug|Any CPU
		{5F107B33-AA85-4B7F-86EF-005D0ABDA6AF}.Debug|Any CPU.Build.0 = Debug|Any CPU
		{5F107B33-AA85-4B7F-86EF-005D0ABDA6AF}.Release|Any CPU.ActiveCfg = Release|Any CPU
		{5F107B33-AA85-4B7F-86EF-005D0ABDA6AF}.Release|Any CPU.Build.0 = Release|Any CPU
		{06A6361D-7E21-4378-A7D8-A05AFA19B115}.Debug|Any CPU.ActiveCfg = Debug|Any CPU
		{06A6361D-7E21-4378-A7D8-A05AFA19B115}.Debug|Any CPU.Build.0 = Debug|Any CPU
		{06A6361D-7E21-4378-A7D8-A05AFA19B115}.Release|Any CPU.ActiveCfg = Release|Any CPU
		{06A6361D-7E21-4378-A7D8-A05AFA19B115}.Release|Any CPU.Build.0 = Release|Any CPU
	EndGlobalSection
	GlobalSection(SolutionProperties) = preSolution
		HideSolutionNode = FALSE
	EndGlobalSection
	GlobalSection(NestedProjects) = preSolution
		{656EC8D3-8F7A-48ED-801F-1DFED248986E} = {9C8F5D35-82EC-4FF0-BB64-4E39024EB5C9}
		{5F107B33-AA85-4B7F-86EF-005D0ABDA6AF} = {9C8F5D35-82EC-4FF0-BB64-4E39024EB5C9}
		{06A6361D-7E21-4378-A7D8-A05AFA19B115} = {9C8F5D35-82EC-4FF0-BB64-4E39024EB5C9}
	EndGlobalSection
EndGlobal
